
Microsoft Visual Studio Solution File, Format Version 12.00
# Visual Studio 15
VisualStudioVersion = 15.0.28307.1267
MinimumVisualStudioVersion = 10.0.40219.1
Project("{9A19103F-16F7-4668-BE54-9A1E7A4F7556}") = "Employee", "Employee\Employee.csproj", "{74D41EBB-9839-42E0-A9E0-BDE8C418528B}"
EndProject
Global
	GlobalSection(SolutionConfigurationPlatforms) = preSolution
		Debug|Any CPU = Debug|Any CPU
		Release|Any CPU = Release|Any CPU
	EndGlobalSection
	GlobalSection(ProjectConfigurationPlatforms) = postSolution
		{74D41EBB-9839-42E0-A9E0-BDE8C418528B}.Debug|Any CPU.ActiveCfg = Debug|Any CPU
		{74D41EBB-9839-42E0-A9E0-BDE8C418528B}.Debug|Any CPU.Build.0 = Debug|Any CPU
		{74D41EBB-9839-42E0-A9E0-BDE8C418528B}.Release|Any CPU.ActiveCfg = Release|Any CPU
		{74D41EBB-9839-42E0-A9E0-BDE8C418528B}.Release|Any CPU.Build.0 = Release|Any CPU
	EndGlobalSection
	GlobalSection(SolutionProperties) = preSolution
		HideSolutionNode = FALSE
	EndGlobalSection
	GlobalSection(ExtensibilityGlobals) = postSolution
		SolutionGuid = {E8D144B6-5374-479B-811B-C171351F83BA}
	EndGlobalSection
EndGlobal
